dependencies:
- name: kube-prometheus-stack
  repository: https://prometheus-community.github.io/helm-charts
  version: 45.0.0
- name: loki
  repository: https://grafana.github.io/helm-charts
  version: 4.6.1
- name: promtail
  repository: https://grafana.github.io/helm-charts
  version: 6.9.0
digest: sha256:97970ca5a68302af100a25379da70814614ccbdee37de9b1017a1bae38440eac
generated: "2023-02-19T18:01:56.891574898-05:00"
